
Microsoft Visual Studio Solution File, Format Version 12.00
# Visual Studio Version 17
VisualStudioVersion = 17.11.35222.181
MinimumVisualStudioVersion = 10.0.40219.1
Project("{9A19103F-16F7-4668-BE54-9A1E7A4F7556}") = "Utf8StringSplitter", "src\Utf8StringSplitter\Utf8StringSplitter.csproj", "{4BB1A874-F77D-4F1F-A3A0-79922BBBA4A2}"
EndProject
Project("{2150E333-8FDC-42A3-9474-1A3956D46DE8}") = "src", "src", "{98150AE4-9539-4990-80FA-7A0505882BD5}"
EndProject
Project("{2150E333-8FDC-42A3-9474-1A3956D46DE8}") = "sandbox", "sandbox", "{22107276-D6AE-46FB-A53B-C5E5E3B7AD95}"
EndProject
Project("{2150E333-8FDC-42A3-9474-1A3956D46DE8}") = "tests", "tests", "{1B025E89-C47D-4C43-B4FB-1DF5E8062C1C}"
EndProject
Project("{9A19103F-16F7-4668-BE54-9A1E7A4F7556}") = "Net6ConsoleApp", "sandbox\Net6ConsoleApp\Net6ConsoleApp.csproj", "{A5FE6CD0-C62A-4F1C-8250-AB03A0D1100C}"
EndProject
Project("{9A19103F-16F7-4668-BE54-9A1E7A4F7556}") = "Utf8StringSplitter.Tests", "tests\Utf8StringSplitter.Tests\Utf8StringSplitter.Tests.csproj", "{EC19B6FC-98A0-4585-8371-6A3FFD46D702}"
EndProject
Global
	GlobalSection(SolutionConfigurationPlatforms) = preSolution
		Debug|Any CPU = Debug|Any CPU
		Release|Any CPU = Release|Any CPU
	EndGlobalSection
	GlobalSection(ProjectConfigurationPlatforms) = postSolution
		{4BB1A874-F77D-4F1F-A3A0-79922BBBA4A2}.Debug|Any CPU.ActiveCfg = Debug|Any CPU
		{4BB1A874-F77D-4F1F-A3A0-79922BBBA4A2}.Debug|Any CPU.Build.0 = Debug|Any CPU
		{4BB1A874-F77D-4F1F-A3A0-79922BBBA4A2}.Release|Any CPU.ActiveCfg = Release|Any CPU
		{4BB1A874-F77D-4F1F-A3A0-79922BBBA4A2}.Release|Any CPU.Build.0 = Release|Any CPU
		{A5FE6CD0-C62A-4F1C-8250-AB03A0D1100C}.Debug|Any CPU.ActiveCfg = Debug|Any CPU
		{A5FE6CD0-C62A-4F1C-8250-AB03A0D1100C}.Debug|Any CPU.Build.0 = Debug|Any CPU
		{A5FE6CD0-C62A-4F1C-8250-AB03A0D1100C}.Release|Any CPU.ActiveCfg = Release|Any CPU
		{A5FE6CD0-C62A-4F1C-8250-AB03A0D1100C}.Release|Any CPU.Build.0 = Release|Any CPU
		{EC19B6FC-98A0-4585-8371-6A3FFD46D702}.Debug|Any CPU.ActiveCfg = Debug|Any CPU
		{EC19B6FC-98A0-4585-8371-6A3FFD46D702}.Debug|Any CPU.Build.0 = Debug|Any CPU
		{EC19B6FC-98A0-4585-8371-6A3FFD46D702}.Release|Any CPU.ActiveCfg = Release|Any CPU
		{EC19B6FC-98A0-4585-8371-6A3FFD46D702}.Release|Any CPU.Build.0 = Release|Any CPU
	EndGlobalSection
	GlobalSection(SolutionProperties) = preSolution
		HideSolutionNode = FALSE
	EndGlobalSection
	GlobalSection(NestedProjects) = preSolution
		{4BB1A874-F77D-4F1F-A3A0-79922BBBA4A2} = {98150AE4-9539-4990-80FA-7A0505882BD5}
		{A5FE6CD0-C62A-4F1C-8250-AB03A0D1100C} = {22107276-D6AE-46FB-A53B-C5E5E3B7AD95}
		{EC19B6FC-98A0-4585-8371-6A3FFD46D702} = {1B025E89-C47D-4C43-B4FB-1DF5E8062C1C}
	EndGlobalSection
	GlobalSection(ExtensibilityGlobals) = postSolution
		SolutionGuid = {DB2D7FBC-1E99-45E1-9644-4F837D15DD76}
	EndGlobalSection
EndGlobal
